// !$*UTF8*$!
{
	archiveVersion = 1;
	classes = {
	};
	objectVersion = 46;
	objects = {

/* Begin PBXBuildFile section */
		3FE0ACCE1966447D0026398F /* Main.storyboard in Resources */ = {isa = PBXBuildFile; fileRef = 3FE0ACCC1966447D0026398F /* Main.storyboard */; };
		3FE0ACD01966447D0026398F /* Images.xcassets in Resources */ = {isa = PBXBuildFile; fileRef = 3FE0ACCF1966447D0026398F /* Images.xcassets */; };
		3FE0ACDC1966447D0026398F /* MotionProtoTests.swift in Sources */ = {isa = PBXBuildFile; fileRef = 3FE0ACDB1966447D0026398F /* MotionProtoTests.swift */; };
		3FE0ACF619664B0F0026398F /* AppDelegate.swift in Sources */ = {isa = PBXBuildFile; fileRef = 3FE0ACF019664B0F0026398F /* AppDelegate.swift */; };
		3FE0ACF719664B0F0026398F /* Constants.swift in Sources */ = {isa = PBXBuildFile; fileRef = 3FE0ACF119664B0F0026398F /* Constants.swift */; };
		3FE0ACF819664B0F0026398F /* GameScene.swift in Sources */ = {isa = PBXBuildFile; fileRef = 3FE0ACF219664B0F0026398F /* GameScene.swift */; };
		3FE0ACF919664B0F0026398F /* GameViewController.swift in Sources */ = {isa = PBXBuildFile; fileRef = 3FE0ACF319664B0F0026398F /* GameViewController.swift */; };
		3FE0ACFA19664B0F0026398F /* MotionManager.swift in Sources */ = {isa = PBXBuildFile; fileRef = 3FE0ACF419664B0F0026398F /* MotionManager.swift */; };
		3FE0ACFB19664B0F0026398F /* Player.swift in Sources */ = {isa = PBXBuildFile; fileRef = 3FE0ACF519664B0F0026398F /* Player.swift */; };
		3FE0AD0119664B1C0026398F /* SilomBol.ttf in Resources */ = {isa = PBXBuildFile; fileRef = 3FE0ACFE19664B1C0026398F /* SilomBol.ttf */; };
		3FE0AD0219664B1C0026398F /* artwork.atlas in Resources */ = {isa = PBXBuildFile; fileRef = 3FE0AD0019664B1C0026398F /* artwork.atlas */; };
/* End PBXBuildFile section */

/* Begin PBXContainerItemProxy section */
		3FE0ACD61966447D0026398F /* PBXContainerItemProxy */ = {
			isa = PBXContainerItemProxy;
			containerPortal = 3FE0ACB71966447D0026398F /* Project object */;
			proxyType = 1;
			remoteGlobalIDString = 3FE0ACBE1966447D0026398F;
			remoteInfo = MotionProto;
		};
/* End PBXContainerItemProxy section */

/* Begin PBXFileReference section */
		3FE0ACBF1966447D0026398F /* MotionProto.app */ = {isa = PBXFileReference; explicitFileType = wrapper.application; includeInIndex = 0; path = MotionProto.app; sourceTree = BUILT_PRODUCTS_DIR; };
		3FE0ACC31966447D0026398F /* Info.plist */ = {isa = PBXFileReference; lastKnownFileType = text.plist.xml; path = Info.plist; sourceTree = "<group>"; };
		3FE0ACCD1966447D0026398F /* Base */ = {isa = PBXFileReference; lastKnownFileType = file.storyboard; name = Base; path = Base.lproj/Main.storyboard; sourceTree = "<group>"; };
		3FE0ACCF1966447D0026398F /* Images.xcassets */ = {isa = PBXFileReference; lastKnownFileType = folder.assetcatalog; path = Images.xcassets; sourceTree = "<group>"; };
		3FE0ACD51966447D0026398F /* MotionProtoTests.xctest */ = {isa = PBXFileReference; explicitFileType = wrapper.cfbundle; includeInIndex = 0; path = MotionProtoTests.xctest; sourceTree = BUILT_PRODUCTS_DIR; };
		3FE0ACDA1966447D0026398F /* Info.plist */ = {isa = PBXFileReference; lastKnownFileType = text.plist.xml; path = Info.plist; sourceTree = "<group>"; };
		3FE0ACDB1966447D0026398F /* MotionProtoTests.swift */ = {isa = PBXFileReference; lastKnownFileType = sourcecode.swift; path = MotionProtoTests.swift; sourceTree = "<group>"; };
		3FE0ACF019664B0F0026398F /* AppDelegate.swift */ = {isa = PBXFileReference; fileEncoding = 4; lastKnownFileType = sourcecode.swift; path = AppDelegate.swift; sourceTree = "<group>"; };
		3FE0ACF119664B0F0026398F /* Constants.swift */ = {isa = PBXFileReference; fileEncoding = 4; lastKnownFileType = sourcecode.swift; path = Constants.swift; sourceTree = "<group>"; };
		3FE0ACF219664B0F0026398F /* GameScene.swift */ = {isa = PBXFileReference; fileEncoding = 4; lastKnownFileType = sourcecode.swift; path = GameScene.swift; sourceTree = "<group>"; };
		3FE0ACF319664B0F0026398F /* GameViewController.swift */ = {isa = PBXFileReference; fileEncoding = 4; lastKnownFileType = sourcecode.swift; path = GameViewController.swift; sourceTree = "<group>"; };
		3FE0ACF419664B0F0026398F /* MotionManager.swift */ = {isa = PBXFileReference; fileEncoding = 4; lastKnownFileType = sourcecode.swift; path = MotionManager.swift; sourceTree = "<group>"; };
		3FE0ACF519664B0F0026398F /* Player.swift */ = {isa = PBXFileReference; fileEncoding = 4; lastKnownFileType = sourcecode.swift; path = Player.swift; sourceTree = "<group>"; };
		3FE0ACFE19664B1C0026398F /* SilomBol.ttf */ = {isa = PBXFileReference; lastKnownFileType = file; path = SilomBol.ttf; sourceTree = "<group>"; };
		3FE0AD0019664B1C0026398F /* artwork.atlas */ = {isa = PBXFileReference; lastKnownFileType = folder.skatlas; path = artwork.atlas; sourceTree = "<group>"; };
/* End PBXFileReference section */

/* Begin PBXFrameworksBuildPhase section */
		3FE0ACBC1966447D0026398F /* Frameworks */ = {
			isa = PBXFrameworksBuildPhase;
			buildActionMask = 2147483647;
			files = (
			);
			runOnlyForDeploymentPostprocessing = 0;
		};
		3FE0ACD21966447D0026398F /* Frameworks */ = {
			isa = PBXFrameworksBuildPhase;
			buildActionMask = 2147483647;
			files = (
			);
			runOnlyForDeploymentPostprocessing = 0;
		};
/* End PBXFrameworksBuildPhase section */

/* Begin PBXGroup section */
		3FE0ACB61966447D0026398F = {
			isa = PBXGroup;
			children = (
				3FE0ACC11966447D0026398F /* MotionProto */,
				3FE0ACD81966447D0026398F /* MotionProtoTests */,
				3FE0ACC01966447D0026398F /* Products */,
			);
			sourceTree = "<group>";
		};
		3FE0ACC01966447D0026398F /* Products */ = {
			isa = PBXGroup;
			children = (
				3FE0ACBF1966447D0026398F /* MotionProto.app */,
				3FE0ACD51966447D0026398F /* MotionProtoTests.xctest */,
			);
			name = Products;
			sourceTree = "<group>";
		};
		3FE0ACC11966447D0026398F /* MotionProto */ = {
			isa = PBXGroup;
			children = (
				3FE0ACE5196644870026398F /* Storyboards */,
				3FE0ACFC19664B1C0026398F /* Resources */,
				3FE0ACEF19664B0F0026398F /* Classes */,
				3FE0ACCF1966447D0026398F /* Images.xcassets */,
				3FE0ACC21966447D0026398F /* Supporting Files */,
			);
			path = MotionProto;
			sourceTree = "<group>";
		};
		3FE0ACC21966447D0026398F /* Supporting Files */ = {
			isa = PBXGroup;
			children = (
				3FE0ACC31966447D0026398F /* Info.plist */,
			);
			name = "Supporting Files";
			sourceTree = "<group>";
		};
		3FE0ACD81966447D0026398F /* MotionProtoTests */ = {
			isa = PBXGroup;
			children = (
				3FE0ACDB1966447D0026398F /* MotionProtoTests.swift */,
				3FE0ACD91966447D0026398F /* Supporting Files */,
			);
			path = MotionProtoTests;
			sourceTree = "<group>";
		};
		3FE0ACD91966447D0026398F /* Supporting Files */ = {
			isa = PBXGroup;
			children = (
				3FE0ACDA1966447D0026398F /* Info.plist */,
			);
			name = "Supporting Files";
			sourceTree = "<group>";
		};
		3FE0ACE5196644870026398F /* Storyboards */ = {
			isa = PBXGroup;
			children = (
				3FE0ACCC1966447D0026398F /* Main.storyboard */,
			);
			name = Storyboards;
			sourceTree = "<group>";
		};
		3FE0ACEF19664B0F0026398F /* Classes */ = {
			isa = PBXGroup;
			children = (
				3FE0AD0319664B310026398F /* ViewController */,
				3FE0ACF119664B0F0026398F /* Constants.swift */,
				3FE0ACF219664B0F0026398F /* GameScene.swift */,
				3FE0ACF419664B0F0026398F /* MotionManager.swift */,
				3FE0ACF519664B0F0026398F /* Player.swift */,
			);
			path = Classes;
			sourceTree = "<group>";
		};
		3FE0ACFC19664B1C0026398F /* Resources */ = {
			isa = PBXGroup;
			children = (
				3FE0ACFD19664B1C0026398F /* Fonts */,
				3FE0ACFF19664B1C0026398F /* Textures */,
			);
			path = Resources;
			sourceTree = "<group>";
		};
		3FE0ACFD19664B1C0026398F /* Fonts */ = {
			isa = PBXGroup;
			children = (
				3FE0ACFE19664B1C0026398F /* SilomBol.ttf */,
			);
			path = Fonts;
			sourceTree = "<group>";
		};
		3FE0ACFF19664B1C0026398F /* Textures */ = {
			isa = PBXGroup;
			children = (
				3FE0AD0019664B1C0026398F /* artwork.atlas */,
			);
			path = Textures;
			sourceTree = "<group>";
		};
		3FE0AD0319664B310026398F /* ViewController */ = {
			isa = PBXGroup;
			children = (
				3FE0ACF019664B0F0026398F /* AppDelegate.swift */,
				3FE0ACF319664B0F0026398F /* GameViewController.swift */,
			);
			name = ViewController;
			sourceTree = "<group>";
		};
/* End PBXGroup section */

/* Begin PBXNativeTarget section */
		3FE0ACBE1966447D0026398F /* MotionProto */ = {
			isa = PBXNativeTarget;
			buildConfigurationList = 3FE0ACDF1966447D0026398F /* Build configuration list for PBXNativeTarget "MotionProto" */;
			buildPhases = (
				3FE0ACBB1966447D0026398F /* Sources */,
				3FE0ACBC1966447D0026398F /* Frameworks */,
				3FE0ACBD1966447D0026398F /* Resources */,
			);
			buildRules = (
			);
			dependencies = (
			);
			name = MotionProto;
			productName = MotionProto;
			productReference = 3FE0ACBF1966447D0026398F /* MotionProto.app */;
			productType = "com.apple.product-type.application";
		};
		3FE0ACD41966447D0026398F /* MotionProtoTests */ = {
			isa = PBXNativeTarget;
			buildConfigurationList = 3FE0ACE21966447D0026398F /* Build configuration list for PBXNativeTarget "MotionProtoTests" */;
			buildPhases = (
				3FE0ACD11966447D0026398F /* Sources */,
				3FE0ACD21966447D0026398F /* Frameworks */,
				3FE0ACD31966447D0026398F /* Resources */,
			);
			buildRules = (
			);
			dependencies = (
				3FE0ACD71966447D0026398F /* PBXTargetDependency */,
			);
			name = MotionProtoTests;
			productName = MotionProtoTests;
			productReference = 3FE0ACD51966447D0026398F /* MotionProtoTests.xctest */;
			productType = "com.apple.product-type.bundle.unit-test";
		};
/* End PBXNativeTarget section */

/* Begin PBXProject section */
		3FE0ACB71966447D0026398F /* Project object */ = {
			isa = PBXProject;
			attributes = {
				LastUpgradeCheck = 0600;
				ORGANIZATIONNAME = "Jeremy Novak";
				TargetAttributes = {
					3FE0ACBE1966447D0026398F = {
						CreatedOnToolsVersion = 6.0;
					};
					3FE0ACD41966447D0026398F = {
						CreatedOnToolsVersion = 6.0;
						TestTargetID = 3FE0ACBE1966447D0026398F;
					};
				};
			};
			buildConfigurationList = 3FE0ACBA1966447D0026398F /* Build configuration list for PBXProject "MotionProto" */;
			compatibilityVersion = "Xcode 3.2";
			developmentRegion = English;
			hasScannedForEncodings = 0;
			knownRegions = (
				en,
				Base,
			);
			mainGroup = 3FE0ACB61966447D0026398F;
			productRefGroup = 3FE0ACC01966447D0026398F /* Products */;
			projectDirPath = "";
			projectRoot = "";
			targets = (
				3FE0ACBE1966447D0026398F /* MotionProto */,
				3FE0ACD41966447D0026398F /* MotionProtoTests */,
			);
		};
/* End PBXProject section */

/* Begin PBXResourcesBuildPhase section */
		3FE0ACBD1966447D0026398F /* Resources */ = {
			isa = PBXResourcesBuildPhase;
			buildActionMask = 2147483647;
			files = (
				3FE0AD0119664B1C0026398F /* SilomBol.ttf in Resources */,
				3FE0ACD01966447D0026398F /* Images.xcassets in Resources */,
				3FE0AD0219664B1C0026398F /* artwork.atlas in Resources */,
				3FE0ACCE1966447D0026398F /* Main.storyboard in Resources */,
			);
			runOnlyForDeploymentPostprocessing = 0;
		};
		3FE0ACD31966447D0026398F /* Resources */ = {
			isa = PBXResourcesBuildPhase;
			buildActionMask = 2147483647;
			files = (
			);
			runOnlyForDeploymentPostprocessing = 0;
		};
/* End PBXResourcesBuildPhase section */

/* Begin PBXSourcesBuildPhase section */
		3FE0ACBB1966447D0026398F /* Sources */ = {
			isa = PBXSourcesBuildPhase;
			buildActionMask = 2147483647;
			files = (
				3FE0ACF919664B0F0026398F /* GameViewController.swift in Sources */,
				3FE0ACFA19664B0F0026398F /* MotionManager.swift in Sources */,
				3FE0ACF819664B0F0026398F /* GameScene.swift in Sources */,
				3FE0ACF619664B0F0026398F /* AppDelegate.swift in Sources */,
				3FE0ACFB19664B0F0026398F /* Player.swift in Sources */,
				3FE0ACF719664B0F0026398F /* Constants.swift in Sources */,
			);
			runOnlyForDeploymentPostprocessing = 0;
		};
		3FE0ACD11966447D0026398F /* Sources */ = {
			isa = PBXSourcesBuildPhase;
			buildActionMask = 2147483647;
			files = (
				3FE0ACDC1966447D0026398F /* MotionProtoTests.swift in Sources */,
			);
			runOnlyForDeploymentPostprocessing = 0;
		};
/* End PBXSourcesBuildPhase section */

/* Begin PBXTargetDependency section */
		3FE0ACD71966447D0026398F /* PBXTargetDependency */ = {
			isa = PBXTargetDependency;
			target = 3FE0ACBE1966447D0026398F /* MotionProto */;
			targetProxy = 3FE0ACD61966447D0026398F /* PBXContainerItemProxy */;
		};
/* End PBXTargetDependency section */

/* Begin PBXVariantGroup section */
		3FE0ACCC1966447D0026398F /* Main.storyboard */ = {
			isa = PBXVariantGroup;
			children = (
				3FE0ACCD1966447D0026398F /* Base */,
			);
			name = Main.storyboard;
			sourceTree = "<group>";
		};
/* End PBXVariantGroup section */

/* Begin XCBuildConfiguration section */
		3FE0ACDD1966447D0026398F /* Debug */ = {
			isa = XCBuildConfiguration;
			buildSettings = {
				ALWAYS_SEARCH_USER_PATHS = NO;
				CLANG_CXX_LANGUAGE_STANDARD = "gnu++0x";
				CLANG_CXX_LIBRARY = "libc++";
				CLANG_ENABLE_MODULES = YES;
				CLANG_ENABLE_OBJC_ARC = YES;
				CLANG_WARN_BOOL_CONVERSION = YES;
				CLANG_WARN_CONSTANT_CONVERSION = YES;
				CLANG_WARN_DIRECT_OBJC_ISA_USAGE = YES_ERROR;
				CLANG_WARN_EMPTY_BODY = YES;
				CLANG_WARN_ENUM_CONVERSION = YES;
				CLANG_WARN_INT_CONVERSION = YES;
				CLANG_WARN_OBJC_ROOT_CLASS = YES_ERROR;
				CLANG_WARN_UNREACHABLE_CODE = YES;
				CLANG_WARN__DUPLICATE_METHOD_MATCH = YES;
				"CODE_SIGN_IDENTITY[sdk=iphoneos*]" = "iPhone Developer";
				COPY_PHASE_STRIP = NO;
				ENABLE_STRICT_OBJC_MSGSEND = YES;
				GCC_C_LANGUAGE_STANDARD = gnu99;
				GCC_DYNAMIC_NO_PIC = NO;
				GCC_OPTIMIZATION_LEVEL = 0;
				GCC_PREPROCESSOR_DEFINITIONS = (
					"DEBUG=1",
					"$(inherited)",
				);
				GCC_SYMBOLS_PRIVATE_EXTERN = NO;
				GCC_WARN_64_TO_32_BIT_CONVERSION = YES;
				GCC_WARN_ABOUT_RETURN_TYPE = YES_ERROR;
				GCC_WARN_UNDECLARED_SELECTOR = YES;
				GCC_WARN_UNINITIALIZED_AUTOS = YES_AGGRESSIVE;
				GCC_WARN_UNUSED_FUNCTION = YES;
				GCC_WARN_UNUSED_VARIABLE = YES;
				IPHONEOS_DEPLOYMENT_TARGET = 8.0;
				METAL_ENABLE_DEBUG_INFO = YES;
				ONLY_ACTIVE_ARCH = YES;
				SDKROOT = iphoneos;
				SWIFT_OPTIMIZATION_LEVEL = "-Onone";
				TARGETED_DEVICE_FAMILY = "1,2";
			};
			name = Debug;
		};
		3FE0ACDE1966447D0026398F /* Release */ = {
			isa = XCBuildConfiguration;
			buildSettings = {
				ALWAYS_SEARCH_USER_PATHS = NO;
				CLANG_CXX_LANGUAGE_STANDARD = "gnu++0x";
				CLANG_CXX_LIBRARY = "libc++";
				CLANG_ENABLE_MODULES = YES;
				CLANG_ENABLE_OBJC_ARC = YES;
				CLANG_WARN_BOOL_CONVERSION = YES;
				CLANG_WARN_CONSTANT_CONVERSION = YES;
				CLANG_WARN_DIRECT_OBJC_ISA_USAGE = YES_ERROR;
				CLANG_WARN_EMPTY_BODY = YES;
				CLANG_WARN_ENUM_CONVERSION = YES;
				CLANG_WARN_INT_CONVERSION = YES;
				CLANG_WARN_OBJC_ROOT_CLASS = YES_ERROR;
				CLANG_WARN_UNREACHABLE_CODE = YES;
				CLANG_WARN__DUPLICATE_METHOD_MATCH = YES;
				"CODE_SIGN_IDENTITY[sdk=iphoneos*]" = "iPhone Developer";
				COPY_PHASE_STRIP = YES;
				ENABLE_NS_ASSERTIONS = NO;
				ENABLE_STRICT_OBJC_MSGSEND = YES;
				GCC_C_LANGUAGE_STANDARD = gnu99;
				GCC_WARN_64_TO_32_BIT_CONVERSION = YES;
				GCC_WARN_ABOUT_RETURN_TYPE = YES_ERROR;
				GCC_WARN_UNDECLARED_SELECTOR = YES;
				GCC_WARN_UNINITIALIZED_AUTOS = YES_AGGRESSIVE;
				GCC_WARN_UNUSED_FUNCTION = YES;
				GCC_WARN_UNUSED_VARIABLE = YES;
				IPHONEOS_DEPLOYMENT_TARGET = 8.0;
				METAL_ENABLE_DEBUG_INFO = NO;
				SDKROOT = iphoneos;
				TARGETED_DEVICE_FAMILY = "1,2";
				VALIDATE_PRODUCT = YES;
			};
			name = Release;
		};
		3FE0ACE01966447D0026398F /* Debug */ = {
			isa = XCBuildConfiguration;
			buildSettings = {
				ASSETCATALOG_COMPILER_APPICON_NAME = AppIcon;
				ASSETCATALOG_COMPILER_LAUNCHIMAGE_NAME = LaunchImage;
				INFOPLIST_FILE = MotionProto/Info.plist;
				LD_RUNPATH_SEARCH_PATHS = "$(inherited) @executable_path/Frameworks";
				PRODUCT_NAME = "$(TARGET_NAME)";
			};
			name = Debug;
		};
		3FE0ACE11966447D0026398F /* Release */ = {
			isa = XCBuildConfiguration;
			buildSettings = {
				ASSETCATALOG_COMPILER_APPICON_NAME = AppIcon;
				ASSETCATALOG_COMPILER_LAUNCHIMAGE_NAME = LaunchImage;
				INFOPLIST_FILE = MotionProto/Info.plist;
				LD_RUNPATH_SEARCH_PATHS = "$(inherited) @executable_path/Frameworks";
				PRODUCT_NAME = "$(TARGET_NAME)";
			};
			name = Release;
		};
		3FE0ACE31966447D0026398F /* Debug */ = {
			isa = XCBuildConfiguration;
			buildSettings = {
				BUNDLE_LOADER = "$(BUILT_PRODUCTS_DIR)/MotionProto.app/MotionProto";
				FRAMEWORK_SEARCH_PATHS = (
					"$(SDKROOT)/Developer/Library/Frameworks",
					"$(inherited)",
				);
				GCC_PREPROCESSOR_DEFINITIONS = (
					"DEBUG=1",
					"$(inherited)",
				);
				INFOPLIST_FILE = MotionProtoTests/Info.plist;
				LD_RUNPATH_SEARCH_PATHS = "$(inherited) @executable_path/Frameworks @loader_path/Frameworks";
				METAL_ENABLE_DEBUG_INFO = YES;
				PRODUCT_NAME = "$(TARGET_NAME)";
				TEST_HOST = "$(BUNDLE_LOADER)";
			};
			name = Debug;
		};
		3FE0ACE41966447D0026398F /* Release */ = {
			isa = XCBuildConfiguration;
			buildSettings = {
				BUNDLE_LOADER = "$(BUILT_PRODUCTS_DIR)/MotionProto.app/MotionProto";
				FRAMEWORK_SEARCH_PATHS = (
					"$(SDKROOT)/Developer/Library/Frameworks",
					"$(inherited)",
				);
				INFOPLIST_FILE = MotionProtoTests/Info.plist;
				LD_RUNPATH_SEARCH_PATHS = "$(inherited) @executable_path/Frameworks @loader_path/Frameworks";
				METAL_ENABLE_DEBUG_INFO = NO;
				PRODUCT_NAME = "$(TARGET_NAME)";
				TEST_HOST = "$(BUNDLE_LOADER)";
			};
			name = Release;
		};
/* End XCBuildConfiguration section */

/* Begin XCConfigurationList section */
		3FE0ACBA1966447D0026398F /* Build configuration list for PBXProject "MotionProto" */ = {
			isa = XCConfigurationList;
			buildConfigurations = (
				3FE0ACDD1966447D0026398F /* Debug */,
				3FE0ACDE1966447D0026398F /* Release */,
			);
			defaultConfigurationIsVisible = 0;
			defaultConfigurationName = Release;
		};
		3FE0ACDF1966447D0026398F /* Build configuration list for PBXNativeTarget "MotionProto" */ = {
			isa = XCConfigurationList;
			buildConfigurations = (
				3FE0ACE01966447D0026398F /* Debug */,
				3FE0ACE11966447D0026398F /* Release */,
			);
			defaultConfigurationIsVisible = 0;
		};
		3FE0ACE21966447D0026398F /* Build configuration list for PBXNativeTarget "MotionProtoTests" */ = {
			isa = XCConfigurationList;
			buildConfigurations = (
				3FE0ACE31966447D0026398F /* Debug */,
				3FE0ACE41966447D0026398F /* Release */,
			);
			defaultConfigurationIsVisible = 0;
		};
/* End XCConfigurationList section */
	};
	rootObject = 3FE0ACB71966447D0026398F /* Project object */;
}
